
Microsoft Visual Studio Solution File, Format Version 12.00
# Visual Studio Version 17
VisualStudioVersion = 17.11.35303.130
MinimumVisualStudioVersion = 10.0.40219.1
Project("{FAE04EC0-301F-11D3-BF4B-00C04F79EFBC}") = "Project - Fitness", "Project - Fitness\Project - Fitness.csproj", "{4D4A8977-D943-4574-8B09-B1FB2AEEB01E}"
EndProject
Global
	GlobalSection(SolutionConfigurationPlatforms) = preSolution
		Debug|Any CPU = Debug|Any CPU
		Release|Any CPU = Release|Any CPU
	EndGlobalSection
	GlobalSection(ProjectConfigurationPlatforms) = postSolution
		{4D4A8977-D943-4574-8B09-B1FB2AEEB01E}.Debug|Any CPU.ActiveCfg = Debug|Any CPU
		{4D4A8977-D943-4574-8B09-B1FB2AEEB01E}.Debug|Any CPU.Build.0 = Debug|Any CPU
		{4D4A8977-D943-4574-8B09-B1FB2AEEB01E}.Release|Any CPU.ActiveCfg = Release|Any CPU
		{4D4A8977-D943-4574-8B09-B1FB2AEEB01E}.Release|Any CPU.Build.0 = Release|Any CPU
	EndGlobalSection
	GlobalSection(SolutionProperties) = preSolution
		HideSolutionNode = FALSE
	EndGlobalSection
	GlobalSection(ExtensibilityGlobals) = postSolution
		SolutionGuid = {1671952B-30D2-425F-ADAC-22CA48F1B23D}
	EndGlobalSection
EndGlobal
